
Microsoft Visual Studio Solution File, Format Version 12.00
# Visual Studio Version 17
VisualStudioVersion = 17.0.0.0
MinimumVisualStudioVersion = 10.0.0.0
Project("{8BC9CEB8-8B4A-11D0-8D11-00A0C91BC942}") = "CreatePushBufferOnPC", "CreatePushBufferOnPC\CreatePushBufferOnPC.vcxproj", "{D34AB860-7FA2-443E-9D16-4B6AADC8EF36}"
EndProject
Project("{8BC9CEB8-8B4A-11D0-8D11-00A0C91BC942}") = "PushBuffer", "PushBuffer\PushBuffer.vcxproj", "{5026E695-721B-4077-A9D2-D8BC16948DAA}"
EndProject
Global
	GlobalSection(SolutionConfigurationPlatforms) = preSolution
		Debug|Win32 = Debug|Win32
		Release|Win32 = Release|Win32
	EndGlobalSection
	GlobalSection(ProjectConfigurationPlatforms) = postSolution
		{D34AB860-7FA2-443E-9D16-4B6AADC8EF36}.Debug|Win32.ActiveCfg = Debug|Win32
		{D34AB860-7FA2-443E-9D16-4B6AADC8EF36}.Debug|Win32.Build.0 = Debug|Win32
		{D34AB860-7FA2-443E-9D16-4B6AADC8EF36}.Release|Win32.ActiveCfg = Release|Win32
		{D34AB860-7FA2-443E-9D16-4B6AADC8EF36}.Release|Win32.Build.0 = Release|Win32
		{5026E695-721B-4077-A9D2-D8BC16948DAA}.Debug|Win32.ActiveCfg = Debug|Win32
		{5026E695-721B-4077-A9D2-D8BC16948DAA}.Debug|Win32.Build.0 = Debug|Win32
		{5026E695-721B-4077-A9D2-D8BC16948DAA}.Release|Win32.ActiveCfg = Release|Win32
		{5026E695-721B-4077-A9D2-D8BC16948DAA}.Release|Win32.Build.0 = Release|Win32
	EndGlobalSection
	GlobalSection(SolutionProperties) = preSolution
		HideSolutionNode = FALSE
	EndGlobalSection
EndGlobal
